
Microsoft Visual Studio Solution File, Format Version 12.00
# Visual Studio Version 16
VisualStudioVersion = 16.0.31005.135
MinimumVisualStudioVersion = 10.0.40219.1
Project("{FAE04EC0-301F-11D3-BF4B-00C04F79EFBC}") = "Calculator_02", "Calculator_02.csproj", "{1C0918F7-B5D3-463B-92BF-CDB9C7418662}"
EndProject
Global
	GlobalSection(SolutionConfigurationPlatforms) = preSolution
		Debug|Any CPU = Debug|Any CPU
		Release|Any CPU = Release|Any CPU
	EndGlobalSection
	GlobalSection(ProjectConfigurationPlatforms) = postSolution
		{1C0918F7-B5D3-463B-92BF-CDB9C7418662}.Debug|Any CPU.ActiveCfg = Debug|Any CPU
		{1C0918F7-B5D3-463B-92BF-CDB9C7418662}.Debug|Any CPU.Build.0 = Debug|Any CPU
		{1C0918F7-B5D3-463B-92BF-CDB9C7418662}.Release|Any CPU.ActiveCfg = Release|Any CPU
		{1C0918F7-B5D3-463B-92BF-CDB9C7418662}.Release|Any CPU.Build.0 = Release|Any CPU
	EndGlobalSection
	GlobalSection(SolutionProperties) = preSolution
		HideSolutionNode = FALSE
	EndGlobalSection
	GlobalSection(ExtensibilityGlobals) = postSolution
		SolutionGuid = {18BD30DD-9DBB-47F6-B613-BFFC13B17952}
	EndGlobalSection
EndGlobal
